
Microsoft Visual Studio Solution File, Format Version 10.00
# Visual C++ Express 2008
Project("{8BC9CEB8-8B4A-11D0-8D11-00A0C91BC942}") = "libawd", "c-libawd\libawd.vcproj", "{A00E4F6A-CCA0-4BCE-ACC2-48DF3D814B43}"
EndProject
Project("{8BC9CEB8-8B4A-11D0-8D11-00A0C91BC942}") = "pyawd", "python-pyawd\pyawd.vcproj", "{158897B1-EE9B-4C38-BFE3-E73CB4EF2350}"
	ProjectSection(ProjectDependencies) = postProject
		{A00E4F6A-CCA0-4BCE-ACC2-48DF3D814B43} = {A00E4F6A-CCA0-4BCE-ACC2-48DF3D814B43}
	EndProjectSection
EndProject
Global
	GlobalSection(SolutionConfigurationPlatforms) = preSolution
		Debug|Win32 = Debug|Win32
		Release|Win32 = Release|Win32
	EndGlobalSection
	GlobalSection(ProjectConfigurationPlatforms) = postSolution
		{A00E4F6A-CCA0-4BCE-ACC2-48DF3D814B43}.Debug|Win32.ActiveCfg = Debug|Win32
		{A00E4F6A-CCA0-4BCE-ACC2-48DF3D814B43}.Debug|Win32.Build.0 = Debug|Win32
		{A00E4F6A-CCA0-4BCE-ACC2-48DF3D814B43}.Release|Win32.ActiveCfg = Release|Win32
		{A00E4F6A-CCA0-4BCE-ACC2-48DF3D814B43}.Release|Win32.Build.0 = Release|Win32
		{158897B1-EE9B-4C38-BFE3-E73CB4EF2350}.Debug|Win32.ActiveCfg = Debug|Win32
		{158897B1-EE9B-4C38-BFE3-E73CB4EF2350}.Debug|Win32.Build.0 = Debug|Win32
		{158897B1-EE9B-4C38-BFE3-E73CB4EF2350}.Release|Win32.ActiveCfg = Release|Win32
		{158897B1-EE9B-4C38-BFE3-E73CB4EF2350}.Release|Win32.Build.0 = Release|Win32
	EndGlobalSection
	GlobalSection(SolutionProperties) = preSolution
		HideSolutionNode = FALSE
	EndGlobalSection
EndGlobal
